
Microsoft Visual Studio Solution File, Format Version 12.00
# Visual Studio Version 16
VisualStudioVersion = 16.0.29411.108
MinimumVisualStudioVersion = 10.0.40219.1
Project("{FAE04EC0-301F-11D3-BF4B-00C04F79EFBC}") = "Vidly", "Vidly.csproj", "{452BA86C-1016-4BEE-B0E7-5A2F5DBF0FDC}"
EndProject
Global
	GlobalSection(SolutionConfigurationPlatforms) = preSolution
		Debug|Any CPU = Debug|Any CPU
		Release|Any CPU = Release|Any CPU
	EndGlobalSection
	GlobalSection(ProjectConfigurationPlatforms) = postSolution
		{452BA86C-1016-4BEE-B0E7-5A2F5DBF0FDC}.Debug|Any CPU.ActiveCfg = Debug|Any CPU
		{452BA86C-1016-4BEE-B0E7-5A2F5DBF0FDC}.Debug|Any CPU.Build.0 = Debug|Any CPU
		{452BA86C-1016-4BEE-B0E7-5A2F5DBF0FDC}.Release|Any CPU.ActiveCfg = Release|Any CPU
		{452BA86C-1016-4BEE-B0E7-5A2F5DBF0FDC}.Release|Any CPU.Build.0 = Release|Any CPU
	EndGlobalSection
	GlobalSection(SolutionProperties) = preSolution
		HideSolutionNode = FALSE
	EndGlobalSection
	GlobalSection(ExtensibilityGlobals) = postSolution
		SolutionGuid = {D29C547F-26A1-4140-B8F8-BEFFCF3D5A80}
	EndGlobalSection
EndGlobal
